// !$*UTF8*$!
{
	archiveVersion = 1;
	classes = {
	};
	objectVersion = 46;
	objects = {

/* Begin PBXBuildFile section */
		3B04AAD31D945DC700FF71EA /* AppDelegate.swift in Sources */ = {isa = PBXBuildFile; fileRef = 3B04AAD21D945DC700FF71EA /* AppDelegate.swift */; };
		3B04AAD51D945DC700FF71EA /* ViewController.swift in Sources */ = {isa = PBXBuildFile; fileRef = 3B04AAD41D945DC700FF71EA /* ViewController.swift */; };
		3B04AAD81D945DC700FF71EA /* Main.storyboard in Resources */ = {isa = PBXBuildFile; fileRef = 3B04AAD61D945DC700FF71EA /* Main.storyboard */; };
		3B04AADA1D945DC700FF71EA /* Assets.xcassets in Resources */ = {isa = PBXBuildFile; fileRef = 3B04AAD91D945DC700FF71EA /* Assets.xcassets */; };
		3B04AADD1D945DC700FF71EA /* LaunchScreen.storyboard in Resources */ = {isa = PBXBuildFile; fileRef = 3B04AADB1D945DC700FF71EA /* LaunchScreen.storyboard */; };
		3B04AAE81D945DC800FF71EA /* useOtherSQLiteTests.swift in Sources */ = {isa = PBXBuildFile; fileRef = 3B04AAE71D945DC800FF71EA /* useOtherSQLiteTests.swift */; };
		3B04AAF31D945DC800FF71EA /* useOtherSQLiteUITests.swift in Sources */ = {isa = PBXBuildFile; fileRef = 3B04AAF21D945DC800FF71EA /* useOtherSQLiteUITests.swift */; };
		3B04AB051D945E2000FF71EA /* MyDataBaseHandle.m in Sources */ = {isa = PBXBuildFile; fileRef = 3B04AB041D945E2000FF71EA /* MyDataBaseHandle.m */; };
		3B04AB081D945EED00FF71EA /* RootViewController.m in Sources */ = {isa = PBXBuildFile; fileRef = 3B04AB071D945EED00FF71EA /* RootViewController.m */; };
		3B04AB0A1D94606F00FF71EA /* dz.jpg in Resources */ = {isa = PBXBuildFile; fileRef = 3B04AB091D94606F00FF71EA /* dz.jpg */; };
		3B04AB151D94B01200FF71EA /* libsqlite3.tbd in Frameworks */ = {isa = PBXBuildFile; fileRef = 3B04AB141D94B01200FF71EA /* libsqlite3.tbd */; };
/* End PBXBuildFile section */

/* Begin PBXContainerItemProxy section */
		3B04AAE41D945DC800FF71EA /* PBXContainerItemProxy */ = {
			isa = PBXContainerItemProxy;
			containerPortal = 3B04AAC71D945DC700FF71EA /* Project object */;
			proxyType = 1;
			remoteGlobalIDString = 3B04AACE1D945DC700FF71EA;
			remoteInfo = useOtherSQLite;
		};
		3B04AAEF1D945DC800FF71EA /* PBXContainerItemProxy */ = {
			isa = PBXContainerItemProxy;
			containerPortal = 3B04AAC71D945DC700FF71EA /* Project object */;
			proxyType = 1;
			remoteGlobalIDString = 3B04AACE1D945DC700FF71EA;
			remoteInfo = useOtherSQLite;
		};
/* End PBXContainerItemProxy section */

/* Begin PBXFileReference section */
		3B04AACF1D945DC700FF71EA /* useOtherSQLite.app */ = {isa = PBXFileReference; explicitFileType = wrapper.application; includeInIndex = 0; path = useOtherSQLite.app; sourceTree = BUILT_PRODUCTS_DIR; };
		3B04AAD21D945DC700FF71EA /* AppDelegate.swift */ = {isa = PBXFileReference; lastKnownFileType = sourcecode.swift; path = AppDelegate.swift; sourceTree = "<group>"; };
		3B04AAD41D945DC700FF71EA /* ViewController.swift */ = {isa = PBXFileReference; lastKnownFileType = sourcecode.swift; path = ViewController.swift; sourceTree = "<group>"; };
		3B04AAD71D945DC700FF71EA /* Base */ = {isa = PBXFileReference; lastKnownFileType = file.storyboard; name = Base; path = Base.lproj/Main.storyboard; sourceTree = "<group>"; };
		3B04AAD91D945DC700FF71EA /* Assets.xcassets */ = {isa = PBXFileReference; lastKnownFileType = folder.assetcatalog; path = Assets.xcassets; sourceTree = "<group>"; };
		3B04AADC1D945DC700FF71EA /* Base */ = {isa = PBXFileReference; lastKnownFileType = file.storyboard; name = Base; path = Base.lproj/LaunchScreen.storyboard; sourceTree = "<group>"; };
		3B04AADE1D945DC700FF71EA /* Info.plist */ = {isa = PBXFileReference; lastKnownFileType = text.plist.xml; path = Info.plist; sourceTree = "<group>"; };
		3B04AAE31D945DC800FF71EA /* useOtherSQLiteTests.xctest */ = {isa = PBXFileReference; explicitFileType = wrapper.cfbundle; includeInIndex = 0; path = useOtherSQLiteTests.xctest; sourceTree = BUILT_PRODUCTS_DIR; };
		3B04AAE71D945DC800FF71EA /* useOtherSQLiteTests.swift */ = {isa = PBXFileReference; lastKnownFileType = sourcecode.swift; path = useOtherSQLiteTests.swift; sourceTree = "<group>"; };
		3B04AAE91D945DC800FF71EA /* Info.plist */ = {isa = PBXFileReference; lastKnownFileType = text.plist.xml; path = Info.plist; sourceTree = "<group>"; };
		3B04AAEE1D945DC800FF71EA /* useOtherSQLiteUITests.xctest */ = {isa = PBXFileReference; explicitFileType = wrapper.cfbundle; includeInIndex = 0; path = useOtherSQLiteUITests.xctest; sourceTree = BUILT_PRODUCTS_DIR; };
		3B04AAF21D945DC800FF71EA /* useOtherSQLiteUITests.swift */ = {isa = PBXFileReference; lastKnownFileType = sourcecode.swift; path = useOtherSQLiteUITests.swift; sourceTree = "<group>"; };
		3B04AAF41D945DC800FF71EA /* Info.plist */ = {isa = PBXFileReference; lastKnownFileType = text.plist.xml; path = Info.plist; sourceTree = "<group>"; };
		3B04AB021D945E1F00FF71EA /* useOtherSQLite-Bridging-Header.h */ = {isa = PBXFileReference; lastKnownFileType = sourcecode.c.h; path = "useOtherSQLite-Bridging-Header.h"; sourceTree = "<group>"; };
		3B04AB031D945E2000FF71EA /* MyDataBaseHandle.h */ = {isa = PBXFileReference; fileEncoding = 4; lastKnownFileType = sourcecode.c.h; path = MyDataBaseHandle.h; sourceTree = "<group>"; };
		3B04AB041D945E2000FF71EA /* MyDataBaseHandle.m */ = {isa = PBXFileReference; fileEncoding = 4; lastKnownFileType = sourcecode.c.objc; path = MyDataBaseHandle.m; sourceTree = "<group>"; };
		3B04AB061D945EED00FF71EA /* RootViewController.h */ = {isa = PBXFileReference; fileEncoding = 4; lastKnownFileType = sourcecode.c.h; path = RootViewController.h; sourceTree = "<group>"; };
		3B04AB071D945EED00FF71EA /* RootViewController.m */ = {isa = PBXFileReference; fileEncoding = 4; lastKnownFileType = sourcecode.c.objc; path = RootViewController.m; sourceTree = "<group>"; };
		3B04AB091D94606F00FF71EA /* dz.jpg */ = {isa = PBXFileReference; lastKnownFileType = image.jpeg; name = dz.jpg; path = ../../../dz.jpg; sourceTree = "<group>"; };
		3B04AB141D94B01200FF71EA /* libsqlite3.tbd */ = {isa = PBXFileReference; lastKnownFileType = "sourcecode.text-based-dylib-definition"; name = libsqlite3.tbd; path = usr/lib/libsqlite3.tbd; sourceTree = SDKROOT; };
/* End PBXFileReference section */

/* Begin PBXFrameworksBuildPhase section */
		3B04AACC1D945DC700FF71EA /* Frameworks */ = {
			isa = PBXFrameworksBuildPhase;
			buildActionMask = 2147483647;
			files = (
				3B04AB151D94B01200FF71EA /* libsqlite3.tbd in Frameworks */,
			);
			runOnlyForDeploymentPostprocessing = 0;
		};
		3B04AAE01D945DC800FF71EA /* Frameworks */ = {
			isa = PBXFrameworksBuildPhase;
			buildActionMask = 2147483647;
			files = (
			);
			runOnlyForDeploymentPostprocessing = 0;
		};
		3B04AAEB1D945DC800FF71EA /* Frameworks */ = {
			isa = PBXFrameworksBuildPhase;
			buildActionMask = 2147483647;
			files = (
			);
			runOnlyForDeploymentPostprocessing = 0;
		};
/* End PBXFrameworksBuildPhase section */

/* Begin PBXGroup section */
		3B04AAC61D945DC700FF71EA = {
			isa = PBXGroup;
			children = (
				3B04AB141D94B01200FF71EA /* libsqlite3.tbd */,
				3B04AAD11D945DC700FF71EA /* useOtherSQLite */,
				3B04AAE61D945DC800FF71EA /* useOtherSQLiteTests */,
				3B04AAF11D945DC800FF71EA /* useOtherSQLiteUITests */,
				3B04AAD01D945DC700FF71EA /* Products */,
			);
			sourceTree = "<group>";
		};
		3B04AAD01D945DC700FF71EA /* Products */ = {
			isa = PBXGroup;
			children = (
				3B04AACF1D945DC700FF71EA /* useOtherSQLite.app */,
				3B04AAE31D945DC800FF71EA /* useOtherSQLiteTests.xctest */,
				3B04AAEE1D945DC800FF71EA /* useOtherSQLiteUITests.xctest */,
			);
			name = Products;
			sourceTree = "<group>";
		};
		3B04AAD11D945DC700FF71EA /* useOtherSQLite */ = {
			isa = PBXGroup;
			children = (
				3B04AB091D94606F00FF71EA /* dz.jpg */,
				3B04AB031D945E2000FF71EA /* MyDataBaseHandle.h */,
				3B04AB041D945E2000FF71EA /* MyDataBaseHandle.m */,
				3B04AB061D945EED00FF71EA /* RootViewController.h */,
				3B04AB071D945EED00FF71EA /* RootViewController.m */,
				3B04AB021D945E1F00FF71EA /* useOtherSQLite-Bridging-Header.h */,
				3B04AAD21D945DC700FF71EA /* AppDelegate.swift */,
				3B04AAD41D945DC700FF71EA /* ViewController.swift */,
				3B04AAD61D945DC700FF71EA /* Main.storyboard */,
				3B04AAD91D945DC700FF71EA /* Assets.xcassets */,
				3B04AADB1D945DC700FF71EA /* LaunchScreen.storyboard */,
				3B04AADE1D945DC700FF71EA /* Info.plist */,
			);
			path = useOtherSQLite;
			sourceTree = "<group>";
		};
		3B04AAE61D945DC800FF71EA /* useOtherSQLiteTests */ = {
			isa = PBXGroup;
			children = (
				3B04AAE71D945DC800FF71EA /* useOtherSQLiteTests.swift */,
				3B04AAE91D945DC800FF71EA /* Info.plist */,
			);
			path = useOtherSQLiteTests;
			sourceTree = "<group>";
		};
		3B04AAF11D945DC800FF71EA /* useOtherSQLiteUITests */ = {
			isa = PBXGroup;
			children = (
				3B04AAF21D945DC800FF71EA /* useOtherSQLiteUITests.swift */,
				3B04AAF41D945DC800FF71EA /* Info.plist */,
			);
			path = useOtherSQLiteUITests;
			sourceTree = "<group>";
		};
/* End PBXGroup section */

/* Begin PBXNativeTarget section */
		3B04AACE1D945DC700FF71EA /* useOtherSQLite */ = {
			isa = PBXNativeTarget;
			buildConfigurationList = 3B04AAF71D945DC800FF71EA /* Build configuration list for PBXNativeTarget "useOtherSQLite" */;
			buildPhases = (
				3B04AACB1D945DC700FF71EA /* Sources */,
				3B04AACC1D945DC700FF71EA /* Frameworks */,
				3B04AACD1D945DC700FF71EA /* Resources */,
			);
			buildRules = (
			);
			dependencies = (
			);
			name = useOtherSQLite;
			productName = useOtherSQLite;
			productReference = 3B04AACF1D945DC700FF71EA /* useOtherSQLite.app */;
			productType = "com.apple.product-type.application";
		};
		3B04AAE21D945DC800FF71EA /* useOtherSQLiteTests */ = {
			isa = PBXNativeTarget;
			buildConfigurationList = 3B04AAFA1D945DC800FF71EA /* Build configuration list for PBXNativeTarget "useOtherSQLiteTests" */;
			buildPhases = (
				3B04AADF1D945DC800FF71EA /* Sources */,
				3B04AAE01D945DC800FF71EA /* Frameworks */,
				3B04AAE11D945DC800FF71EA /* Resources */,
			);
			buildRules = (
			);
			dependencies = (
				3B04AAE51D945DC800FF71EA /* PBXTargetDependency */,
			);
			name = useOtherSQLiteTests;
			productName = useOtherSQLiteTests;
			productReference = 3B04AAE31D945DC800FF71EA /* useOtherSQLiteTests.xctest */;
			productType = "com.apple.product-type.bundle.unit-test";
		};
		3B04AAED1D945DC800FF71EA /* useOtherSQLiteUITests */ = {
			isa = PBXNativeTarget;
			buildConfigurationList = 3B04AAFD1D945DC800FF71EA /* Build configuration list for PBXNativeTarget "useOtherSQLiteUITests" */;
			buildPhases = (
				3B04AAEA1D945DC800FF71EA /* Sources */,
				3B04AAEB1D945DC800FF71EA /* Frameworks */,
				3B04AAEC1D945DC800FF71EA /* Resources */,
			);
			buildRules = (
			);
			dependencies = (
				3B04AAF01D945DC800FF71EA /* PBXTargetDependency */,
			);
			name = useOtherSQLiteUITests;
			productName = useOtherSQLiteUITests;
			productReference = 3B04AAEE1D945DC800FF71EA /* useOtherSQLiteUITests.xctest */;
			productType = "com.apple.product-type.bundle.ui-testing";
		};
/* End PBXNativeTarget section */

/* Begin PBXProject section */
		3B04AAC71D945DC700FF71EA /* Project object */ = {
			isa = PBXProject;
			attributes = {
				LastSwiftUpdateCheck = 0730;
				LastUpgradeCheck = 0730;
				ORGANIZATIONNAME = www;
				TargetAttributes = {
					3B04AACE1D945DC700FF71EA = {
						CreatedOnToolsVersion = 7.3.1;
						DevelopmentTeam = TQ42Q3YS7A;
					};
					3B04AAE21D945DC800FF71EA = {
						CreatedOnToolsVersion = 7.3.1;
						DevelopmentTeam = TQ42Q3YS7A;
						TestTargetID = 3B04AACE1D945DC700FF71EA;
					};
					3B04AAED1D945DC800FF71EA = {
						CreatedOnToolsVersion = 7.3.1;
						DevelopmentTeam = TQ42Q3YS7A;
						TestTargetID = 3B04AACE1D945DC700FF71EA;
					};
				};
			};
			buildConfigurationList = 3B04AACA1D945DC700FF71EA /* Build configuration list for PBXProject "useOtherSQLite" */;
			compatibilityVersion = "Xcode 3.2";
			developmentRegion = English;
			hasScannedForEncodings = 0;
			knownRegions = (
				en,
				Base,
			);
			mainGroup = 3B04AAC61D945DC700FF71EA;
			productRefGroup = 3B04AAD01D945DC700FF71EA /* Products */;
			projectDirPath = "";
			projectRoot = "";
			targets = (
				3B04AACE1D945DC700FF71EA /* useOtherSQLite */,
				3B04AAE21D945DC800FF71EA /* useOtherSQLiteTests */,
				3B04AAED1D945DC800FF71EA /* useOtherSQLiteUITests */,
			);
		};
/* End PBXProject section */

/* Begin PBXResourcesBuildPhase section */
		3B04AACD1D945DC700FF71EA /* Resources */ = {
			isa = PBXResourcesBuildPhase;
			buildActionMask = 2147483647;
			files = (
				3B04AADD1D945DC700FF71EA /* LaunchScreen.storyboard in Resources */,
				3B04AADA1D945DC700FF71EA /* Assets.xcassets in Resources */,
				3B04AAD81D945DC700FF71EA /* Main.storyboard in Resources */,
				3B04AB0A1D94606F00FF71EA /* dz.jpg in Resources */,
			);
			runOnlyForDeploymentPostprocessing = 0;
		};
		3B04AAE11D945DC800FF71EA /* Resources */ = {
			isa = PBXResourcesBuildPhase;
			buildActionMask = 2147483647;
			files = (
			);
			runOnlyForDeploymentPostprocessing = 0;
		};
		3B04AAEC1D945DC800FF71EA /* Resources */ = {
			isa = PBXResourcesBuildPhase;
			buildActionMask = 2147483647;
			files = (
			);
			runOnlyForDeploymentPostprocessing = 0;
		};
/* End PBXResourcesBuildPhase section */

/* Begin PBXSourcesBuildPhase section */
		3B04AACB1D945DC700FF71EA /* Sources */ = {
			isa = PBXSourcesBuildPhase;
			buildActionMask = 2147483647;
			files = (
				3B04AAD51D945DC700FF71EA /* ViewController.swift in Sources */,
				3B04AAD31D945DC700FF71EA /* AppDelegate.swift in Sources */,
				3B04AB081D945EED00FF71EA /* RootViewController.m in Sources */,
				3B04AB051D945E2000FF71EA /* MyDataBaseHandle.m in Sources */,
			);
			runOnlyForDeploymentPostprocessing = 0;
		};
		3B04AADF1D945DC800FF71EA /* Sources */ = {
			isa = PBXSourcesBuildPhase;
			buildActionMask = 2147483647;
			files = (
				3B04AAE81D945DC800FF71EA /* useOtherSQLiteTests.swift in Sources */,
			);
			runOnlyForDeploymentPostprocessing = 0;
		};
		3B04AAEA1D945DC800FF71EA /* Sources */ = {
			isa = PBXSourcesBuildPhase;
			buildActionMask = 2147483647;
			files = (
				3B04AAF31D945DC800FF71EA /* useOtherSQLiteUITests.swift in Sources */,
			);
			runOnlyForDeploymentPostprocessing = 0;
		};
/* End PBXSourcesBuildPhase section */

/* Begin PBXTargetDependency section */
		3B04AAE51D945DC800FF71EA /* PBXTargetDependency */ = {
			isa = PBXTargetDependency;
			target = 3B04AACE1D945DC700FF71EA /* useOtherSQLite */;
			targetProxy = 3B04AAE41D945DC800FF71EA /* PBXContainerItemProxy */;
		};
		3B04AAF01D945DC800FF71EA /* PBXTargetDependency */ = {
			isa = PBXTargetDependency;
			target = 3B04AACE1D945DC700FF71EA /* useOtherSQLite */;
			targetProxy = 3B04AAEF1D945DC800FF71EA /* PBXContainerItemProxy */;
		};
/* End PBXTargetDependency section */

/* Begin PBXVariantGroup section */
		3B04AAD61D945DC700FF71EA /* Main.storyboard */ = {
			isa = PBXVariantGroup;
			children = (
				3B04AAD71D945DC700FF71EA /* Base */,
			);
			name = Main.storyboard;
			sourceTree = "<group>";
		};
		3B04AADB1D945DC700FF71EA /* LaunchScreen.storyboard */ = {
			isa = PBXVariantGroup;
			children = (
				3B04AADC1D945DC700FF71EA /* Base */,
			);
			name = LaunchScreen.storyboard;
			sourceTree = "<group>";
		};
/* End PBXVariantGroup section */

/* Begin XCBuildConfiguration section */
		3B04AAF51D945DC800FF71EA /* Debug */ = {
			isa = XCBuildConfiguration;
			buildSettings = {
				ALWAYS_SEARCH_USER_PATHS = NO;
				CLANG_ANALYZER_NONNULL = YES;
				CLANG_CXX_LANGUAGE_STANDARD = "gnu++0x";
				CLANG_CXX_LIBRARY = "libc++";
				CLANG_ENABLE_MODULES = YES;
				CLANG_ENABLE_OBJC_ARC = YES;
				CLANG_WARN_BOOL_CONVERSION = YES;
				CLANG_WARN_CONSTANT_CONVERSION = YES;
				CLANG_WARN_DIRECT_OBJC_ISA_USAGE = YES_ERROR;
				CLANG_WARN_EMPTY_BODY = YES;
				CLANG_WARN_ENUM_CONVERSION = YES;
				CLANG_WARN_INT_CONVERSION = YES;
				CLANG_WARN_OBJC_ROOT_CLASS = YES_ERROR;
				CLANG_WARN_UNREACHABLE_CODE = YES;
				CLANG_WARN__DUPLICATE_METHOD_MATCH = YES;
				"CODE_SIGN_IDENTITY[sdk=iphoneos*]" = "iPhone Developer";
				COPY_PHASE_STRIP = NO;
				DEBUG_INFORMATION_FORMAT = dwarf;
				ENABLE_STRICT_OBJC_MSGSEND = YES;
				ENABLE_TESTABILITY = YES;
				GCC_C_LANGUAGE_STANDARD = gnu99;
				GCC_DYNAMIC_NO_PIC = NO;
				GCC_NO_COMMON_BLOCKS = YES;
				GCC_OPTIMIZATION_LEVEL = 0;
				GCC_PREPROCESSOR_DEFINITIONS = (
					"DEBUG=1",
					"$(inherited)",
				);
				GCC_WARN_64_TO_32_BIT_CONVERSION = YES;
				GCC_WARN_ABOUT_RETURN_TYPE = YES_ERROR;
				GCC_WARN_UNDECLARED_SELECTOR = YES;
				GCC_WARN_UNINITIALIZED_AUTOS = YES_AGGRESSIVE;
				GCC_WARN_UNUSED_FUNCTION = YES;
				GCC_WARN_UNUSED_VARIABLE = YES;
				IPHONEOS_DEPLOYMENT_TARGET = 9.3;
				MTL_ENABLE_DEBUG_INFO = YES;
				ONLY_ACTIVE_ARCH = YES;
				SDKROOT = iphoneos;
				SWIFT_OPTIMIZATION_LEVEL = "-Onone";
				TARGETED_DEVICE_FAMILY = "1,2";
			};
			name = Debug;
		};
		3B04AAF61D945DC800FF71EA /* Release */ = {
			isa = XCBuildConfiguration;
			buildSettings = {
				ALWAYS_SEARCH_USER_PATHS = NO;
				CLANG_ANALYZER_NONNULL = YES;
				CLANG_CXX_LANGUAGE_STANDARD = "gnu++0x";
				CLANG_CXX_LIBRARY = "libc++";
				CLANG_ENABLE_MODULES = YES;
				CLANG_ENABLE_OBJC_ARC = YES;
				CLANG_WARN_BOOL_CONVERSION = YES;
				CLANG_WARN_CONSTANT_CONVERSION = YES;
				CLANG_WARN_DIRECT_OBJC_ISA_USAGE = YES_ERROR;
				CLANG_WARN_EMPTY_BODY = YES;
				CLANG_WARN_ENUM_CONVERSION = YES;
				CLANG_WARN_INT_CONVERSION = YES;
				CLANG_WARN_OBJC_ROOT_CLASS = YES_ERROR;
				CLANG_WARN_UNREACHABLE_CODE = YES;
				CLANG_WARN__DUPLICATE_METHOD_MATCH = YES;
				"CODE_SIGN_IDENTITY[sdk=iphoneos*]" = "iPhone Developer";
				COPY_PHASE_STRIP = NO;
				DEBUG_INFORMATION_FORMAT = "dwarf-with-dsym";
				ENABLE_NS_ASSERTIONS = NO;
				ENABLE_STRICT_OBJC_MSGSEND = YES;
				GCC_C_LANGUAGE_STANDARD = gnu99;
				GCC_NO_COMMON_BLOCKS = YES;
				GCC_WARN_64_TO_32_BIT_CONVERSION = YES;
				GCC_WARN_ABOUT_RETURN_TYPE = YES_ERROR;
				GCC_WARN_UNDECLARED_SELECTOR = YES;
				GCC_WARN_UNINITIALIZED_AUTOS = YES_AGGRESSIVE;
				GCC_WARN_UNUSED_FUNCTION = YES;
				GCC_WARN_UNUSED_VARIABLE = YES;
				IPHONEOS_DEPLOYMENT_TARGET = 9.3;
				MTL_ENABLE_DEBUG_INFO = NO;
				SDKROOT = iphoneos;
				TARGETED_DEVICE_FAMILY = "1,2";
				VALIDATE_PRODUCT = YES;
			};
			name = Release;
		};
		3B04AAF81D945DC800FF71EA /* Debug */ = {
			isa = XCBuildConfiguration;
			buildSettings = {
				ASSETCATALOG_COMPILER_APPICON_NAME = AppIcon;
				CLANG_ENABLE_MODULES = YES;
				INFOPLIST_FILE = useOtherSQLite/Info.plist;
				LD_RUNPATH_SEARCH_PATHS = "$(inherited) @executable_path/Frameworks";
				PRODUCT_BUNDLE_IDENTIFIER = st.useOtherSQLite;
				PRODUCT_NAME = "$(TARGET_NAME)";
				SWIFT_OBJC_BRIDGING_HEADER = "useOtherSQLite/useOtherSQLite-Bridging-Header.h";
				SWIFT_OPTIMIZATION_LEVEL = "-Onone";
			};
			name = Debug;
		};
		3B04AAF91D945DC800FF71EA /* Release */ = {
			isa = XCBuildConfiguration;
			buildSettings = {
				ASSETCATALOG_COMPILER_APPICON_NAME = AppIcon;
				CLANG_ENABLE_MODULES = YES;
				INFOPLIST_FILE = useOtherSQLite/Info.plist;
				LD_RUNPATH_SEARCH_PATHS = "$(inherited) @executable_path/Frameworks";
				PRODUCT_BUNDLE_IDENTIFIER = st.useOtherSQLite;
				PRODUCT_NAME = "$(TARGET_NAME)";
				SWIFT_OBJC_BRIDGING_HEADER = "useOtherSQLite/useOtherSQLite-Bridging-Header.h";
			};
			name = Release;
		};
		3B04AAFB1D945DC800FF71EA /* Debug */ = {
			isa = XCBuildConfiguration;
			buildSettings = {
				BUNDLE_LOADER = "$(TEST_HOST)";
				INFOPLIST_FILE = useOtherSQLiteTests/Info.plist;
				LD_RUNPATH_SEARCH_PATHS = "$(inherited) @executable_path/Frameworks @loader_path/Frameworks";
				PRODUCT_BUNDLE_IDENTIFIER = st.useOtherSQLiteTests;
				PRODUCT_NAME = "$(TARGET_NAME)";
				TEST_HOST = "$(BUILT_PRODUCTS_DIR)/useOtherSQLite.app/useOtherSQLite";
			};
			name = Debug;
		};
		3B04AAFC1D945DC800FF71EA /* Release */ = {
			isa = XCBuildConfiguration;
			buildSettings = {
				BUNDLE_LOADER = "$(TEST_HOST)";
				INFOPLIST_FILE = useOtherSQLiteTests/Info.plist;
				LD_RUNPATH_SEARCH_PATHS = "$(inherited) @executable_path/Frameworks @loader_path/Frameworks";
				PRODUCT_BUNDLE_IDENTIFIER = st.useOtherSQLiteTests;
				PRODUCT_NAME = "$(TARGET_NAME)";
				TEST_HOST = "$(BUILT_PRODUCTS_DIR)/useOtherSQLite.app/useOtherSQLite";
			};
			name = Release;
		};
		3B04AAFE1D945DC800FF71EA /* Debug */ = {
			isa = XCBuildConfiguration;
			buildSettings = {
				INFOPLIST_FILE = useOtherSQLiteUITests/Info.plist;
				LD_RUNPATH_SEARCH_PATHS = "$(inherited) @executable_path/Frameworks @loader_path/Frameworks";
				PRODUCT_BUNDLE_IDENTIFIER = st.useOtherSQLiteUITests;
				PRODUCT_NAME = "$(TARGET_NAME)";
				TEST_TARGET_NAME = useOtherSQLite;
			};
			name = Debug;
		};
		3B04AAFF1D945DC800FF71EA /* Release */ = {
			isa = XCBuildConfiguration;
			buildSettings = {
				INFOPLIST_FILE = useOtherSQLiteUITests/Info.plist;
				LD_RUNPATH_SEARCH_PATHS = "$(inherited) @executable_path/Frameworks @loader_path/Frameworks";
				PRODUCT_BUNDLE_IDENTIFIER = st.useOtherSQLiteUITests;
				PRODUCT_NAME = "$(TARGET_NAME)";
				TEST_TARGET_NAME = useOtherSQLite;
			};
			name = Release;
		};
/* End XCBuildConfiguration section */

/* Begin XCConfigurationList section */
		3B04AACA1D945DC700FF71EA /* Build configuration list for PBXProject "useOtherSQLite" */ = {
			isa = XCConfigurationList;
			buildConfigurations = (
				3B04AAF51D945DC800FF71EA /* Debug */,
				3B04AAF61D945DC800FF71EA /* Release */,
			);
			defaultConfigurationIsVisible = 0;
			defaultConfigurationName = Release;
		};
		3B04AAF71D945DC800FF71EA /* Build configuration list for PBXNativeTarget "useOtherSQLite" */ = {
			isa = XCConfigurationList;
			buildConfigurations = (
				3B04AAF81D945DC800FF71EA /* Debug */,
				3B04AAF91D945DC800FF71EA /* Release */,
			);
			defaultConfigurationIsVisible = 0;
		};
		3B04AAFA1D945DC800FF71EA /* Build configuration list for PBXNativeTarget "useOtherSQLiteTests" */ = {
			isa = XCConfigurationList;
			buildConfigurations = (
				3B04AAFB1D945DC800FF71EA /* Debug */,
				3B04AAFC1D945DC800FF71EA /* Release */,
			);
			defaultConfigurationIsVisible = 0;
		};
		3B04AAFD1D945DC800FF71EA /* Build configuration list for PBXNativeTarget "useOtherSQLiteUITests" */ = {
			isa = XCConfigurationList;
			buildConfigurations = (
				3B04AAFE1D945DC800FF71EA /* Debug */,
				3B04AAFF1D945DC800FF71EA /* Release */,
			);
			defaultConfigurationIsVisible = 0;
		};
/* End XCConfigurationList section */
	};
	rootObject = 3B04AAC71D945DC700FF71EA /* Project object */;
}
